{
  "version": 4,
  "terraform_version": "1.5.6",
  "serial": 13,
  "lineage": "f1143526-0d73-a7b0-e605-ab255dac13a4",
  "outputs": {},
  "resources": [
    {
      "module": "module.resource_group",
      "mode": "managed",
      "type": "ibm_resource_group",
      "name": "resource_group",
      "provider": "provider[\"registry.terraform.io/ibm-cloud/ibm\"]",
      "instances": [
        {
          "index_key": 0,
          "schema_version": 0,
          "attributes": {
            "created_at": "2024-03-24T03:13:16.513Z",
            "crn": "crn:v1:bluemix:public:resource-controller::a/9d64d44a3e4f47a79a669241701d71c9::resource-group:7d560070e84449b68478918c88b839aa",
            "default": false,
            "id": "7d560070e84449b68478918c88b839aa",
            "name": "ipc-test-nonprod-rg",
            "payment_methods_url": null,
            "quota_id": "a3d7b8d01e261c24677937c29ab33f3c",
            "quota_url": "/v2/quota_definitions/a3d7b8d01e261c24677937c29ab33f3c",
            "resource_linkages": [],
            "state": "ACTIVE",
            "tags": null,
            "teams_url": null,
            "updated_at": "2024-03-24T03:13:16.513Z"
          },
          "sensitive_attributes": [],
          "private": "bnVsbA=="
        }
      ]
    },
    {
      "module": "module.workload_vpc[\"workload_vpc\"]",
      "mode": "data",
      "type": "ibm_is_vpc_address_prefixes",
      "name": "get_address_prefixes",
      "provider": "provider[\"registry.terraform.io/ibm-cloud/ibm\"]",
      "instances": [
        {
          "schema_version": 0,
          "attributes": {
            "address_prefixes": [
              {
                "cidr": "192.168.0.0/24",
                "created_at": "2024-03-24T03:13:44.000Z",
                "has_subnets": false,
                "href": "https://us-south.iaas.cloud.ibm.com/v1/vpcs/r006-7c831d28-6b08-487f-9bb1-8ab3f3d99abc/address_prefixes/r006-f2c5e787-6efa-4cf4-baa9-d3fb957061f2",
                "id": "r006-f2c5e787-6efa-4cf4-baa9-d3fb957061f2",
                "is_default": false,
                "name": "ipc-test-nonprod-vpc-zone-1-1",
                "zone": [
                  {
                    "href": "https://us-south.iaas.cloud.ibm.com/v1/regions/us-south/zones/us-south-1",
                    "name": "us-south-1"
                  }
                ]
              },
              {
                "cidr": "192.168.2.0/24",
                "created_at": "2024-03-24T03:13:45.000Z",
                "has_subnets": false,
                "href": "https://us-south.iaas.cloud.ibm.com/v1/vpcs/r006-7c831d28-6b08-487f-9bb1-8ab3f3d99abc/address_prefixes/r006-9d402229-58f8-47f8-afc1-86a0ae67ec15",
                "id": "r006-9d402229-58f8-47f8-afc1-86a0ae67ec15",
                "is_default": false,
                "name": "ipc-test-nonprod-vpc-zone-3-1",
                "zone": [
                  {
                    "href": "https://us-south.iaas.cloud.ibm.com/v1/regions/us-south/zones/us-south-3",
                    "name": "us-south-3"
                  }
                ]
              },
              {
                "cidr": "192.168.1.0/24",
                "created_at": "2024-03-24T03:13:46.000Z",
                "has_subnets": false,
                "href": "https://us-south.iaas.cloud.ibm.com/v1/vpcs/r006-7c831d28-6b08-487f-9bb1-8ab3f3d99abc/address_prefixes/r006-5387b2a0-a319-4fad-9d57-433662352836",
                "id": "r006-5387b2a0-a319-4fad-9d57-433662352836",
                "is_default": false,
                "name": "ipc-test-nonprod-vpc-zone-2-1",
                "zone": [
                  {
                    "href": "https://us-south.iaas.cloud.ibm.com/v1/regions/us-south/zones/us-south-2",
                    "name": "us-south-2"
                  }
                ]
              }
            ],
            "id": "2024-03-24 03:13:48.242948 +0000 UTC",
            "name": null,
            "vpc": "r006-7c831d28-6b08-487f-9bb1-8ab3f3d99abc"
          },
          "sensitive_attributes": []
        }
      ]
    },
    {
      "module": "module.workload_vpc[\"workload_vpc\"]",
      "mode": "managed",
      "type": "ibm_is_network_acl",
      "name": "network_acl",
      "provider": "provider[\"registry.terraform.io/ibm-cloud/ibm\"]",
      "instances": [
        {
          "index_key": "ipc-test-nonprod-orbo-acl",
          "schema_version": 0,
          "attributes": {
            "access_tags": [],
            "crn": "crn:v1:bluemix:public:is:us-south:a/9d64d44a3e4f47a79a669241701d71c9::network-acl:r006-34d98026-67a3-4afa-9f9b-4a02a472d4c0",
            "id": "r006-34d98026-67a3-4afa-9f9b-4a02a472d4c0",
            "name": "ipc-test-nonprod-orbo-acl",
            "resource_controller_url": "https://cloud.ibm.com/vpc-ext/network/acl",
            "resource_crn": null,
            "resource_group": "7d560070e84449b68478918c88b839aa",
            "resource_group_name": "ipc-test-nonprod-rg",
            "resource_name": "ipc-test-nonprod-orbo-acl",
            "rules": [
              {
                "action": "allow",
                "destination": "192.168.0.0/27",
                "direction": "inbound",
                "icmp": [],
                "id": "555da0dc-1468-40bd-96d9-66f06b83dc09",
                "ip_version": "ipv4",
                "name": "rule-2",
                "source": "192.168.0.0/26",
                "subnets": 0,
                "tcp": [
                  {
                    "port_max": 58083,
                    "port_min": 58083,
                    "source_port_max": 65535,
                    "source_port_min": 1024
                  }
                ],
                "udp": []
              },
              {
                "action": "deny",
                "destination": "0.0.0.0/0",
                "direction": "inbound",
                "icmp": [],
                "id": "f34fa93e-165d-4432-b0c5-895cecc3b422",
                "ip_version": "ipv4",
                "name": "ibmflow-deny-all-inbound",
                "source": "0.0.0.0/0",
                "subnets": 0,
                "tcp": [],
                "udp": []
              },
              {
                "action": "deny",
                "destination": "0.0.0.0/0",
                "direction": "outbound",
                "icmp": [],
                "id": "0c84102b-1f9f-409a-a05d-b32a8217e27f",
                "ip_version": "ipv4",
                "name": "ibmflow-deny-all-outbound",
                "source": "0.0.0.0/0",
                "subnets": 0,
                "tcp": [],
                "udp": []
              }
            ],
            "tags": [],
            "timeouts": null,
            "vpc": "r006-7c831d28-6b08-487f-9bb1-8ab3f3d99abc"
          },
          "sensitive_attributes": [],
          "private": "eyJlMmJmYjczMC1lY2FhLTExZTYtOGY4OC0zNDM2M2JjN2M0YzAiOnsiY3JlYXRlIjo2MDAwMDAwMDAwMDAsImRlbGV0ZSI6NjAwMDAwMDAwMDAwfX0=",
          "dependencies": [
            "module.resource_group.data.ibm_resource_group.existing_resource_group",
            "module.resource_group.ibm_resource_group.resource_group",
            "module.workload_vpc.data.ibm_is_vpc_address_prefixes.get_address_prefixes",
            "module.workload_vpc.ibm_is_public_gateway.gateway",
            "module.workload_vpc.ibm_is_vpc.vpc",
            "module.workload_vpc.ibm_is_vpc_address_prefix.address_prefixes",
            "module.workload_vpc.ibm_is_vpc_address_prefix.subnet_prefix"
          ]
        },
        {
          "index_key": "ipc-test-nonprod-roks-acl",
          "schema_version": 0,
          "attributes": {
            "access_tags": [],
            "crn": "crn:v1:bluemix:public:is:us-south:a/9d64d44a3e4f47a79a669241701d71c9::network-acl:r006-3678be27-55c2-44f1-ac10-03253fb10bf0",
            "id": "r006-3678be27-55c2-44f1-ac10-03253fb10bf0",
            "name": "ipc-test-nonprod-roks-acl",
            "resource_controller_url": "https://cloud.ibm.com/vpc-ext/network/acl",
            "resource_crn": null,
            "resource_group": "7d560070e84449b68478918c88b839aa",
            "resource_group_name": "ipc-test-nonprod-rg",
            "resource_name": "ipc-test-nonprod-roks-acl",
            "rules": [
              {
                "action": "allow",
                "destination": "192.168.0.0/27",
                "direction": "inbound",
                "icmp": [],
                "id": "b9febb51-c93d-4562-9791-4ba5448f0aff",
                "ip_version": "ipv4",
                "name": "rule-1",
                "source": "192.168.0.0/26",
                "subnets": 0,
                "tcp": [
                  {
                    "port_max": 8080,
                    "port_min": 80,
                    "source_port_max": 65535,
                    "source_port_min": 1024
                  }
                ],
                "udp": []
              },
              {
                "action": "allow",
                "destination": "192.168.0.0/27",
                "direction": "inbound",
                "icmp": [],
                "id": "efe94b65-a33c-4e46-8bd3-5d9aa6b6f04e",
                "ip_version": "ipv4",
                "name": "rule-2",
                "source": "192.168.0.0/26",
                "subnets": 0,
                "tcp": [
                  {
                    "port_max": 22,
                    "port_min": 22,
                    "source_port_max": 65535,
                    "source_port_min": 1024
                  }
                ],
                "udp": []
              },
              {
                "action": "deny",
                "destination": "0.0.0.0/0",
                "direction": "inbound",
                "icmp": [],
                "id": "23b772dc-aa8f-441d-9cfe-421db9cbc30b",
                "ip_version": "ipv4",
                "name": "ibmflow-deny-all-inbound",
                "source": "0.0.0.0/0",
                "subnets": 0,
                "tcp": [],
                "udp": []
              },
              {
                "action": "deny",
                "destination": "0.0.0.0/0",
                "direction": "outbound",
                "icmp": [],
                "id": "8bbc5331-23dd-4338-ad74-83634762bbd1",
                "ip_version": "ipv4",
                "name": "ibmflow-deny-all-outbound",
                "source": "0.0.0.0/0",
                "subnets": 0,
                "tcp": [],
                "udp": []
              }
            ],
            "tags": [],
            "timeouts": null,
            "vpc": "r006-7c831d28-6b08-487f-9bb1-8ab3f3d99abc"
          },
          "sensitive_attributes": [],
          "private": "eyJlMmJmYjczMC1lY2FhLTExZTYtOGY4OC0zNDM2M2JjN2M0YzAiOnsiY3JlYXRlIjo2MDAwMDAwMDAwMDAsImRlbGV0ZSI6NjAwMDAwMDAwMDAwfX0=",
          "dependencies": [
            "module.resource_group.data.ibm_resource_group.existing_resource_group",
            "module.resource_group.ibm_resource_group.resource_group",
            "module.workload_vpc.data.ibm_is_vpc_address_prefixes.get_address_prefixes",
            "module.workload_vpc.ibm_is_public_gateway.gateway",
            "module.workload_vpc.ibm_is_vpc.vpc",
            "module.workload_vpc.ibm_is_vpc_address_prefix.address_prefixes",
            "module.workload_vpc.ibm_is_vpc_address_prefix.subnet_prefix"
          ]
        }
      ]
    },
    {
      "module": "module.workload_vpc[\"workload_vpc\"]",
      "mode": "managed",
      "type": "ibm_is_subnet",
      "name": "subnet",
      "provider": "provider[\"registry.terraform.io/ibm-cloud/ibm\"]",
      "instances": [
        {
          "index_key": "ipc-test-nonprod-vpc-orbo-dal01-subnet",
          "schema_version": 0,
          "attributes": {
            "access_tags": [],
            "available_ipv4_address_count": 27,
            "crn": "crn:v1:bluemix:public:is:us-south-1:a/9d64d44a3e4f47a79a669241701d71c9::subnet:0717-85a573a6-0b0c-4ef4-bb15-71037a26c7d5",
            "id": "0717-85a573a6-0b0c-4ef4-bb15-71037a26c7d5",
            "ip_version": "ipv4",
            "ipv4_cidr_block": "192.168.0.64/27",
            "name": "ipc-test-nonprod-vpc-orbo-dal01-subnet",
            "network_acl": "r006-34d98026-67a3-4afa-9f9b-4a02a472d4c0",
            "public_gateway": "",
            "resource_controller_url": "https://cloud.ibm.com/vpc-ext/network/subnets",
            "resource_crn": "crn:v1:bluemix:public:is:us-south-1:a/9d64d44a3e4f47a79a669241701d71c9::subnet:0717-85a573a6-0b0c-4ef4-bb15-71037a26c7d5",
            "resource_group": "7d560070e84449b68478918c88b839aa",
            "resource_group_name": "ipc-test-nonprod-rg",
            "resource_name": "ipc-test-nonprod-vpc-orbo-dal01-subnet",
            "resource_status": "available",
            "routing_table": "r006-aea799e3-6d31-4ee8-86a3-c2ee3dc225fd",
            "status": "available",
            "tags": [
              "customer:bns",
              "env:nonprod",
              "service:security"
            ],
            "timeouts": null,
            "total_ipv4_address_count": 32,
            "vpc": "r006-7c831d28-6b08-487f-9bb1-8ab3f3d99abc",
            "zone": "us-south-1"
          },
          "sensitive_attributes": [],
          "private": "eyJlMmJmYjczMC1lY2FhLTExZTYtOGY4OC0zNDM2M2JjN2M0YzAiOnsiY3JlYXRlIjo2MDAwMDAwMDAwMDAsImRlbGV0ZSI6NjAwMDAwMDAwMDAwLCJ1cGRhdGUiOjYwMDAwMDAwMDAwMH19",
          "dependencies": [
            "module.resource_group.data.ibm_resource_group.existing_resource_group",
            "module.resource_group.ibm_resource_group.resource_group",
            "module.workload_vpc.data.ibm_is_vpc_address_prefixes.get_address_prefixes",
            "module.workload_vpc.ibm_is_network_acl.network_acl",
            "module.workload_vpc.ibm_is_public_gateway.gateway",
            "module.workload_vpc.ibm_is_vpc.vpc",
            "module.workload_vpc.ibm_is_vpc_address_prefix.address_prefixes",
            "module.workload_vpc.ibm_is_vpc_address_prefix.subnet_prefix"
          ]
        },
        {
          "index_key": "ipc-test-nonprod-vpc-roks-dal01-subnet",
          "schema_version": 0,
          "attributes": {
            "access_tags": [],
            "available_ipv4_address_count": 59,
            "crn": "crn:v1:bluemix:public:is:us-south-1:a/9d64d44a3e4f47a79a669241701d71c9::subnet:0717-9bbcd604-4f17-4d88-9c38-bf5749b20914",
            "id": "0717-9bbcd604-4f17-4d88-9c38-bf5749b20914",
            "ip_version": "ipv4",
            "ipv4_cidr_block": "192.168.0.0/26",
            "name": "ipc-test-nonprod-vpc-roks-dal01-subnet",
            "network_acl": "r006-3678be27-55c2-44f1-ac10-03253fb10bf0",
            "public_gateway": "",
            "resource_controller_url": "https://cloud.ibm.com/vpc-ext/network/subnets",
            "resource_crn": "crn:v1:bluemix:public:is:us-south-1:a/9d64d44a3e4f47a79a669241701d71c9::subnet:0717-9bbcd604-4f17-4d88-9c38-bf5749b20914",
            "resource_group": "7d560070e84449b68478918c88b839aa",
            "resource_group_name": "ipc-test-nonprod-rg",
            "resource_name": "ipc-test-nonprod-vpc-roks-dal01-subnet",
            "resource_status": "available",
            "routing_table": "r006-aea799e3-6d31-4ee8-86a3-c2ee3dc225fd",
            "status": "available",
            "tags": [
              "customer:bns",
              "env:nonprod",
              "service:security"
            ],
            "timeouts": null,
            "total_ipv4_address_count": 64,
            "vpc": "r006-7c831d28-6b08-487f-9bb1-8ab3f3d99abc",
            "zone": "us-south-1"
          },
          "sensitive_attributes": [],
          "private": "eyJlMmJmYjczMC1lY2FhLTExZTYtOGY4OC0zNDM2M2JjN2M0YzAiOnsiY3JlYXRlIjo2MDAwMDAwMDAwMDAsImRlbGV0ZSI6NjAwMDAwMDAwMDAwLCJ1cGRhdGUiOjYwMDAwMDAwMDAwMH19",
          "dependencies": [
            "module.resource_group.data.ibm_resource_group.existing_resource_group",
            "module.resource_group.ibm_resource_group.resource_group",
            "module.workload_vpc.data.ibm_is_vpc_address_prefixes.get_address_prefixes",
            "module.workload_vpc.ibm_is_network_acl.network_acl",
            "module.workload_vpc.ibm_is_public_gateway.gateway",
            "module.workload_vpc.ibm_is_vpc.vpc",
            "module.workload_vpc.ibm_is_vpc_address_prefix.address_prefixes",
            "module.workload_vpc.ibm_is_vpc_address_prefix.subnet_prefix"
          ]
        },
        {
          "index_key": "ipc-test-nonprod-vpc-roks-dal02-subnet",
          "schema_version": 0,
          "attributes": {
            "access_tags": [],
            "available_ipv4_address_count": 59,
            "crn": "crn:v1:bluemix:public:is:us-south-2:a/9d64d44a3e4f47a79a669241701d71c9::subnet:0727-00d45230-194f-4234-957a-9369af602ba3",
            "id": "0727-00d45230-194f-4234-957a-9369af602ba3",
            "ip_version": "ipv4",
            "ipv4_cidr_block": "192.168.1.0/26",
            "name": "ipc-test-nonprod-vpc-roks-dal02-subnet",
            "network_acl": "r006-3678be27-55c2-44f1-ac10-03253fb10bf0",
            "public_gateway": "",
            "resource_controller_url": "https://cloud.ibm.com/vpc-ext/network/subnets",
            "resource_crn": "crn:v1:bluemix:public:is:us-south-2:a/9d64d44a3e4f47a79a669241701d71c9::subnet:0727-00d45230-194f-4234-957a-9369af602ba3",
            "resource_group": "7d560070e84449b68478918c88b839aa",
            "resource_group_name": "ipc-test-nonprod-rg",
            "resource_name": "ipc-test-nonprod-vpc-roks-dal02-subnet",
            "resource_status": "available",
            "routing_table": "r006-aea799e3-6d31-4ee8-86a3-c2ee3dc225fd",
            "status": "available",
            "tags": [
              "customer:bns",
              "env:nonprod",
              "service:security"
            ],
            "timeouts": null,
            "total_ipv4_address_count": 64,
            "vpc": "r006-7c831d28-6b08-487f-9bb1-8ab3f3d99abc",
            "zone": "us-south-2"
          },
          "sensitive_attributes": [],
          "private": "eyJlMmJmYjczMC1lY2FhLTExZTYtOGY4OC0zNDM2M2JjN2M0YzAiOnsiY3JlYXRlIjo2MDAwMDAwMDAwMDAsImRlbGV0ZSI6NjAwMDAwMDAwMDAwLCJ1cGRhdGUiOjYwMDAwMDAwMDAwMH19",
          "dependencies": [
            "module.resource_group.data.ibm_resource_group.existing_resource_group",
            "module.resource_group.ibm_resource_group.resource_group",
            "module.workload_vpc.data.ibm_is_vpc_address_prefixes.get_address_prefixes",
            "module.workload_vpc.ibm_is_network_acl.network_acl",
            "module.workload_vpc.ibm_is_public_gateway.gateway",
            "module.workload_vpc.ibm_is_vpc.vpc",
            "module.workload_vpc.ibm_is_vpc_address_prefix.address_prefixes",
            "module.workload_vpc.ibm_is_vpc_address_prefix.subnet_prefix"
          ]
        },
        {
          "index_key": "ipc-test-nonprod-vpc-roks-dal03-subnet",
          "schema_version": 0,
          "attributes": {
            "access_tags": [],
            "available_ipv4_address_count": 59,
            "crn": "crn:v1:bluemix:public:is:us-south-3:a/9d64d44a3e4f47a79a669241701d71c9::subnet:0737-3a00a327-ae79-43c4-b0fb-07f16d18dc68",
            "id": "0737-3a00a327-ae79-43c4-b0fb-07f16d18dc68",
            "ip_version": "ipv4",
            "ipv4_cidr_block": "192.168.2.0/26",
            "name": "ipc-test-nonprod-vpc-roks-dal03-subnet",
            "network_acl": "r006-3678be27-55c2-44f1-ac10-03253fb10bf0",
            "public_gateway": "",
            "resource_controller_url": "https://cloud.ibm.com/vpc-ext/network/subnets",
            "resource_crn": "crn:v1:bluemix:public:is:us-south-3:a/9d64d44a3e4f47a79a669241701d71c9::subnet:0737-3a00a327-ae79-43c4-b0fb-07f16d18dc68",
            "resource_group": "7d560070e84449b68478918c88b839aa",
            "resource_group_name": "ipc-test-nonprod-rg",
            "resource_name": "ipc-test-nonprod-vpc-roks-dal03-subnet",
            "resource_status": "available",
            "routing_table": "r006-aea799e3-6d31-4ee8-86a3-c2ee3dc225fd",
            "status": "available",
            "tags": [
              "customer:bns",
              "env:nonprod",
              "service:security"
            ],
            "timeouts": null,
            "total_ipv4_address_count": 64,
            "vpc": "r006-7c831d28-6b08-487f-9bb1-8ab3f3d99abc",
            "zone": "us-south-3"
          },
          "sensitive_attributes": [],
          "private": "eyJlMmJmYjczMC1lY2FhLTExZTYtOGY4OC0zNDM2M2JjN2M0YzAiOnsiY3JlYXRlIjo2MDAwMDAwMDAwMDAsImRlbGV0ZSI6NjAwMDAwMDAwMDAwLCJ1cGRhdGUiOjYwMDAwMDAwMDAwMH19",
          "dependencies": [
            "module.resource_group.data.ibm_resource_group.existing_resource_group",
            "module.resource_group.ibm_resource_group.resource_group",
            "module.workload_vpc.data.ibm_is_vpc_address_prefixes.get_address_prefixes",
            "module.workload_vpc.ibm_is_network_acl.network_acl",
            "module.workload_vpc.ibm_is_public_gateway.gateway",
            "module.workload_vpc.ibm_is_vpc.vpc",
            "module.workload_vpc.ibm_is_vpc_address_prefix.address_prefixes",
            "module.workload_vpc.ibm_is_vpc_address_prefix.subnet_prefix"
          ]
        }
      ]
    },
    {
      "module": "module.workload_vpc[\"workload_vpc\"]",
      "mode": "managed",
      "type": "ibm_is_vpc",
      "name": "vpc",
      "provider": "provider[\"registry.terraform.io/ibm-cloud/ibm\"]",
      "instances": [
        {
          "index_key": 0,
          "schema_version": 0,
          "attributes": {
            "access_tags": [],
            "address_prefix_management": "manual",
            "classic_access": false,
            "crn": "crn:v1:bluemix:public:is:us-south:a/9d64d44a3e4f47a79a669241701d71c9::vpc:r006-7c831d28-6b08-487f-9bb1-8ab3f3d99abc",
            "cse_source_addresses": [
              {
                "address": "10.12.126.209",
                "zone_name": "us-south-1"
              },
              {
                "address": "10.22.24.230",
                "zone_name": "us-south-2"
              },
              {
                "address": "10.249.210.74",
                "zone_name": "us-south-3"
              }
            ],
            "default_network_acl": "r006-f7c7c725-00c3-465b-86ed-837944a02fd1",
            "default_network_acl_crn": "crn:v1:bluemix:public:is:us-south:a/9d64d44a3e4f47a79a669241701d71c9::network-acl:r006-f7c7c725-00c3-465b-86ed-837944a02fd1",
            "default_network_acl_name": "ipc-test-nonprod-default-acl",
            "default_routing_table": "r006-aea799e3-6d31-4ee8-86a3-c2ee3dc225fd",
            "default_routing_table_name": "ipc-test-nonprod-default-rt",
            "default_security_group": "r006-3aa0662b-b366-4e74-a199-505dbf3f0f82",
            "default_security_group_crn": "crn:v1:bluemix:public:is:us-south:a/9d64d44a3e4f47a79a669241701d71c9::security-group:r006-3aa0662b-b366-4e74-a199-505dbf3f0f82",
            "default_security_group_name": "ipc-test-nonprod-default-sg",
            "dns": [
              {
                "enable_hub": false,
                "resolution_binding_count": 0,
                "resolver": [
                  {
                    "configuration": "default",
                    "dns_binding_id": "",
                    "dns_binding_name": "",
                    "manual_servers": [],
                    "servers": [
                      {
                        "address": "161.26.0.10",
                        "zone_affinity": ""
                      },
                      {
                        "address": "161.26.0.11",
                        "zone_affinity": ""
                      }
                    ],
                    "type": "system",
                    "vpc_crn": "",
                    "vpc_id": "",
                    "vpc_name": "",
                    "vpc_remote_account_id": "",
                    "vpc_remote_region": ""
                  }
                ]
              }
            ],
            "health_reasons": [],
            "health_state": "ok",
            "id": "r006-7c831d28-6b08-487f-9bb1-8ab3f3d99abc",
            "name": "ipc-test-nonprod-vpc",
            "no_sg_acl_rules": false,
            "resource_controller_url": "https://cloud.ibm.com/vpc-ext/network/vpcs",
            "resource_crn": "crn:v1:bluemix:public:is:us-south:a/9d64d44a3e4f47a79a669241701d71c9::vpc:r006-7c831d28-6b08-487f-9bb1-8ab3f3d99abc",
            "resource_group": "7d560070e84449b68478918c88b839aa",
            "resource_group_name": "ipc-test-nonprod-rg",
            "resource_name": "ipc-test-nonprod-vpc",
            "resource_status": "available",
            "security_group": [
              {
                "group_id": "r006-3aa0662b-b366-4e74-a199-505dbf3f0f82",
                "group_name": "ipc-test-nonprod-default-sg",
                "rules": [
                  {
                    "code": 0,
                    "direction": "outbound",
                    "ip_version": "ipv4",
                    "port_max": 0,
                    "port_min": 0,
                    "protocol": "all",
                    "remote": "0.0.0.0/0",
                    "rule_id": "r006-39e4c0eb-2a2a-4c68-ae78-5094825f88b0",
                    "type": 0
                  },
                  {
                    "code": 0,
                    "direction": "inbound",
                    "ip_version": "ipv4",
                    "port_max": 0,
                    "port_min": 0,
                    "protocol": "all",
                    "remote": "r006-3aa0662b-b366-4e74-a199-505dbf3f0f82",
                    "rule_id": "r006-3a990359-9d8e-44d4-9942-762eb272432d",
                    "type": 0
                  }
                ]
              }
            ],
            "status": "available",
            "subnets": [],
            "tags": [
              "customer:bns",
              "env:nonprod",
              "service:security"
            ],
            "timeouts": null
          },
          "sensitive_attributes": [],
          "private": "eyJlMmJmYjczMC1lY2FhLTExZTYtOGY4OC0zNDM2M2JjN2M0YzAiOnsiY3JlYXRlIjo2MDAwMDAwMDAwMDAsImRlbGV0ZSI6NjAwMDAwMDAwMDAwfX0=",
          "dependencies": [
            "module.resource_group.data.ibm_resource_group.existing_resource_group",
            "module.resource_group.ibm_resource_group.resource_group"
          ]
        }
      ]
    },
    {
      "module": "module.workload_vpc[\"workload_vpc\"]",
      "mode": "managed",
      "type": "ibm_is_vpc_address_prefix",
      "name": "address_prefixes",
      "provider": "provider[\"registry.terraform.io/ibm-cloud/ibm\"]",
      "instances": [
        {
          "index_key": "ipc-test-nonprod-vpc-zone-1-1",
          "schema_version": 0,
          "attributes": {
            "address_prefix": "r006-f2c5e787-6efa-4cf4-baa9-d3fb957061f2",
            "cidr": "192.168.0.0/24",
            "has_subnets": false,
            "id": "r006-7c831d28-6b08-487f-9bb1-8ab3f3d99abc/r006-f2c5e787-6efa-4cf4-baa9-d3fb957061f2",
            "is_default": false,
            "name": "ipc-test-nonprod-vpc-zone-1-1",
            "related_crn": "crn:v1:bluemix:public:is:us-south:a/9d64d44a3e4f47a79a669241701d71c9::vpc:r006-7c831d28-6b08-487f-9bb1-8ab3f3d99abc",
            "vpc": "r006-7c831d28-6b08-487f-9bb1-8ab3f3d99abc",
            "zone": "us-south-1"
          },
          "sensitive_attributes": [],
          "private": "bnVsbA==",
          "dependencies": [
            "module.resource_group.data.ibm_resource_group.existing_resource_group",
            "module.resource_group.ibm_resource_group.resource_group",
            "module.workload_vpc.ibm_is_vpc.vpc"
          ]
        },
        {
          "index_key": "ipc-test-nonprod-vpc-zone-2-1",
          "schema_version": 0,
          "attributes": {
            "address_prefix": "r006-5387b2a0-a319-4fad-9d57-433662352836",
            "cidr": "192.168.1.0/24",
            "has_subnets": false,
            "id": "r006-7c831d28-6b08-487f-9bb1-8ab3f3d99abc/r006-5387b2a0-a319-4fad-9d57-433662352836",
            "is_default": false,
            "name": "ipc-test-nonprod-vpc-zone-2-1",
            "related_crn": "crn:v1:bluemix:public:is:us-south:a/9d64d44a3e4f47a79a669241701d71c9::vpc:r006-7c831d28-6b08-487f-9bb1-8ab3f3d99abc",
            "vpc": "r006-7c831d28-6b08-487f-9bb1-8ab3f3d99abc",
            "zone": "us-south-2"
          },
          "sensitive_attributes": [],
          "private": "bnVsbA==",
          "dependencies": [
            "module.resource_group.data.ibm_resource_group.existing_resource_group",
            "module.resource_group.ibm_resource_group.resource_group",
            "module.workload_vpc.ibm_is_vpc.vpc"
          ]
        },
        {
          "index_key": "ipc-test-nonprod-vpc-zone-3-1",
          "schema_version": 0,
          "attributes": {
            "address_prefix": "r006-9d402229-58f8-47f8-afc1-86a0ae67ec15",
            "cidr": "192.168.2.0/24",
            "has_subnets": false,
            "id": "r006-7c831d28-6b08-487f-9bb1-8ab3f3d99abc/r006-9d402229-58f8-47f8-afc1-86a0ae67ec15",
            "is_default": false,
            "name": "ipc-test-nonprod-vpc-zone-3-1",
            "related_crn": "crn:v1:bluemix:public:is:us-south:a/9d64d44a3e4f47a79a669241701d71c9::vpc:r006-7c831d28-6b08-487f-9bb1-8ab3f3d99abc",
            "vpc": "r006-7c831d28-6b08-487f-9bb1-8ab3f3d99abc",
            "zone": "us-south-3"
          },
          "sensitive_attributes": [],
          "private": "bnVsbA==",
          "dependencies": [
            "module.resource_group.data.ibm_resource_group.existing_resource_group",
            "module.resource_group.ibm_resource_group.resource_group",
            "module.workload_vpc.ibm_is_vpc.vpc"
          ]
        }
      ]
    }
  ],
  "check_results": null
}
